
Microsoft Visual Studio Solution File, Format Version 12.00
# Visual Studio Version 17
VisualStudioVersion = 17.11.35312.102
MinimumVisualStudioVersion = 10.0.40219.1
Project("{9A19103F-16F7-4668-BE54-9A1E7A4F7556}") = "Online Bookstore", "Online Bookstore\Online Bookstore.csproj", "{ECD82350-C95F-41BF-93EB-DEFEC8F47C11}"
EndProject
Project("{FAE04EC0-301F-11D3-BF4B-00C04F79EFBC}") = "BookstoreWebApp.Common", "BookstoreWebApp.Common\BookstoreWebApp.Common.csproj", "{1E935E25-F2B9-4313-ACE1-1F22306C337C}"
EndProject
Project("{FAE04EC0-301F-11D3-BF4B-00C04F79EFBC}") = "BookstoreWebApp.Data", "BookstoreWebApp.Data\BookstoreWebApp.Data.csproj", "{3FEC0990-6555-4CE6-B1F0-06FDE2FDD4D3}"
EndProject
Project("{FAE04EC0-301F-11D3-BF4B-00C04F79EFBC}") = "BookstoreWebApp.Data.Models", "BookstoreWebApp.Data.Models\BookstoreWebApp.Data.Models.csproj", "{D6A66CF1-CDAC-4AFB-A26D-1E186AD11AC5}"
EndProject
Project("{2150E333-8FDC-42A3-9474-1A3956D46DE8}") = "Data", "Data", "{719CA2E2-6234-40A8-8980-1B17CA7E1E89}"
EndProject
Project("{2150E333-8FDC-42A3-9474-1A3956D46DE8}") = "Web", "Web", "{B1A15FD0-C39F-4F39-9C53-664153067A40}"
EndProject
Project("{FAE04EC0-301F-11D3-BF4B-00C04F79EFBC}") = "BookstoreWebApp.Infrastructure", "BookstoreWebApp.Infrastructure\BookstoreWebApp.Infrastructure.csproj", "{34333745-3842-4120-AEA2-EE8928D9B64D}"
EndProject
Project("{FAE04EC0-301F-11D3-BF4B-00C04F79EFBC}") = "BookstoreWebApp.ViewModels", "BookstoreWebApp.ViewModels\BookstoreWebApp.ViewModels.csproj", "{6632131F-20BE-4707-BC07-44D9AA32B7B3}"
EndProject
Global
	GlobalSection(SolutionConfigurationPlatforms) = preSolution
		Debug|Any CPU = Debug|Any CPU
		Release|Any CPU = Release|Any CPU
	EndGlobalSection
	GlobalSection(ProjectConfigurationPlatforms) = postSolution
		{ECD82350-C95F-41BF-93EB-DEFEC8F47C11}.Debug|Any CPU.ActiveCfg = Debug|Any CPU
		{ECD82350-C95F-41BF-93EB-DEFEC8F47C11}.Debug|Any CPU.Build.0 = Debug|Any CPU
		{ECD82350-C95F-41BF-93EB-DEFEC8F47C11}.Release|Any CPU.ActiveCfg = Release|Any CPU
		{ECD82350-C95F-41BF-93EB-DEFEC8F47C11}.Release|Any CPU.Build.0 = Release|Any CPU
		{1E935E25-F2B9-4313-ACE1-1F22306C337C}.Debug|Any CPU.ActiveCfg = Debug|Any CPU
		{1E935E25-F2B9-4313-ACE1-1F22306C337C}.Debug|Any CPU.Build.0 = Debug|Any CPU
		{1E935E25-F2B9-4313-ACE1-1F22306C337C}.Release|Any CPU.ActiveCfg = Release|Any CPU
		{1E935E25-F2B9-4313-ACE1-1F22306C337C}.Release|Any CPU.Build.0 = Release|Any CPU
		{3FEC0990-6555-4CE6-B1F0-06FDE2FDD4D3}.Debug|Any CPU.ActiveCfg = Debug|Any CPU
		{3FEC0990-6555-4CE6-B1F0-06FDE2FDD4D3}.Debug|Any CPU.Build.0 = Debug|Any CPU
		{3FEC0990-6555-4CE6-B1F0-06FDE2FDD4D3}.Release|Any CPU.ActiveCfg = Release|Any CPU
		{3FEC0990-6555-4CE6-B1F0-06FDE2FDD4D3}.Release|Any CPU.Build.0 = Release|Any CPU
		{D6A66CF1-CDAC-4AFB-A26D-1E186AD11AC5}.Debug|Any CPU.ActiveCfg = Debug|Any CPU
		{D6A66CF1-CDAC-4AFB-A26D-1E186AD11AC5}.Debug|Any CPU.Build.0 = Debug|Any CPU
		{D6A66CF1-CDAC-4AFB-A26D-1E186AD11AC5}.Release|Any CPU.ActiveCfg = Release|Any CPU
		{D6A66CF1-CDAC-4AFB-A26D-1E186AD11AC5}.Release|Any CPU.Build.0 = Release|Any CPU
		{34333745-3842-4120-AEA2-EE8928D9B64D}.Debug|Any CPU.ActiveCfg = Debug|Any CPU
		{34333745-3842-4120-AEA2-EE8928D9B64D}.Debug|Any CPU.Build.0 = Debug|Any CPU
		{34333745-3842-4120-AEA2-EE8928D9B64D}.Release|Any CPU.ActiveCfg = Release|Any CPU
		{34333745-3842-4120-AEA2-EE8928D9B64D}.Release|Any CPU.Build.0 = Release|Any CPU
		{6632131F-20BE-4707-BC07-44D9AA32B7B3}.Debug|Any CPU.ActiveCfg = Debug|Any CPU
		{6632131F-20BE-4707-BC07-44D9AA32B7B3}.Debug|Any CPU.Build.0 = Debug|Any CPU
		{6632131F-20BE-4707-BC07-44D9AA32B7B3}.Release|Any CPU.ActiveCfg = Release|Any CPU
		{6632131F-20BE-4707-BC07-44D9AA32B7B3}.Release|Any CPU.Build.0 = Release|Any CPU
	EndGlobalSection
	GlobalSection(SolutionProperties) = preSolution
		HideSolutionNode = FALSE
	EndGlobalSection
	GlobalSection(NestedProjects) = preSolution
		{ECD82350-C95F-41BF-93EB-DEFEC8F47C11} = {B1A15FD0-C39F-4F39-9C53-664153067A40}
		{3FEC0990-6555-4CE6-B1F0-06FDE2FDD4D3} = {719CA2E2-6234-40A8-8980-1B17CA7E1E89}
		{D6A66CF1-CDAC-4AFB-A26D-1E186AD11AC5} = {719CA2E2-6234-40A8-8980-1B17CA7E1E89}
		{34333745-3842-4120-AEA2-EE8928D9B64D} = {B1A15FD0-C39F-4F39-9C53-664153067A40}
		{6632131F-20BE-4707-BC07-44D9AA32B7B3} = {B1A15FD0-C39F-4F39-9C53-664153067A40}
	EndGlobalSection
	GlobalSection(ExtensibilityGlobals) = postSolution
		SolutionGuid = {22632140-0A1E-493C-9821-1E57D4C753B6}
	EndGlobalSection
EndGlobal
